<Project xmlns="http://schemas.microsoft.com/developer/msbuild/2003">
    <PropertyGroup>
        <ProjectGuid>{33312E67-678A-492B-93E3-10AA3393D4C4}</ProjectGuid>
        <ProjectVersion>18.4</ProjectVersion>
        <FrameworkType>FMX</FrameworkType>
        <MainSource>APICEP.dpr</MainSource>
        <Base>True</Base>
        <Config Condition="'$(Config)'==''">Debug</Config>
        <Platform Condition="'$(Platform)'==''">Win32</Platform>
        <TargetedPlatforms>3</TargetedPlatforms>
        <AppType>Application</AppType>
    </PropertyGroup>
    <PropertyGroup Condition="'$(Config)'=='Base' or '$(Base)'!=''">
        <Base>true</Base>
    </PropertyGroup>
    <PropertyGroup Condition="('$(Platform)'=='Win32' and '$(Base)'=='true') or '$(Base_Win32)'!=''">
        <Base_Win32>true</Base_Win32>
        <CfgParent>Base</CfgParent>
        <Base>true</Base>
    </PropertyGroup>
    <PropertyGroup Condition="('$(Platform)'=='Win64' and '$(Base)'=='true') or '$(Base_Win64)'!=''">
        <Base_Win64>true</Base_Win64>
        <CfgParent>Base</CfgParent>
        <Base>true</Base>
    </PropertyGroup>
    <PropertyGroup Condition="'$(Config)'=='Debug' or '$(Cfg_1)'!=''">
        <Cfg_1>true</Cfg_1>
        <CfgParent>Base</CfgParent>
        <Base>true</Base>
    </PropertyGroup>
    <PropertyGroup Condition="('$(Platform)'=='Win32' and '$(Cfg_1)'=='true') or '$(Cfg_1_Win32)'!=''">
        <Cfg_1_Win32>true</Cfg_1_Win32>
        <CfgParent>Cfg_1</CfgParent>
        <Cfg_1>true</Cfg_1>
        <Base>true</Base>
    </PropertyGroup>
    <PropertyGroup Condition="('$(Platform)'=='Win64' and '$(Cfg_1)'=='true') or '$(Cfg_1_Win64)'!=''">
        <Cfg_1_Win64>true</Cfg_1_Win64>
        <CfgParent>Cfg_1</CfgParent>
        <Cfg_1>true</Cfg_1>
        <Base>true</Base>
    </PropertyGroup>
    <PropertyGroup Condition="'$(Config)'=='Release' or '$(Cfg_2)'!=''">
        <Cfg_2>true</Cfg_2>
        <CfgParent>Base</CfgParent>
        <Base>true</Base>
    </PropertyGroup>
    <PropertyGroup Condition="('$(Platform)'=='Win32' and '$(Cfg_2)'=='true') or '$(Cfg_2_Win32)'!=''">
        <Cfg_2_Win32>true</Cfg_2_Win32>
        <CfgParent>Cfg_2</CfgParent>
        <Cfg_2>true</Cfg_2>
        <Base>true</Base>
    </PropertyGroup>
    <PropertyGroup Condition="('$(Platform)'=='Win64' and '$(Cfg_2)'=='true') or '$(Cfg_2_Win64)'!=''">
        <Cfg_2_Win64>true</Cfg_2_Win64>
        <CfgParent>Cfg_2</CfgParent>
        <Cfg_2>true</Cfg_2>
        <Base>true</Base>
    </PropertyGroup>
    <PropertyGroup Condition="'$(Base)'!=''">
        <DCC_DcuOutput>.\$(Platform)\$(Config)</DCC_DcuOutput>
        <DCC_ExeOutput>.\$(Platform)\$(Config)</DCC_ExeOutput>
        <DCC_E>false</DCC_E>
        <DCC_N>false</DCC_N>
        <DCC_S>false</DCC_S>
        <DCC_F>false</DCC_F>
        <DCC_K>false</DCC_K>
        <DCC_UsePackage>RESTBackendComponents;CloudService;soaprtl;soapmidas;RESTComponents;emsclientfiredac;DataSnapFireDAC;FireDACIBDriver;emsclient;FireDACCommon;soapserver;FireDACCommonDriver;inet;FireDAC;FireDACSqliteDriver;$(DCC_UsePackage)</DCC_UsePackage>
        <DCC_Namespace>System;Xml;Data;Datasnap;Web;Soap;$(DCC_Namespace)</DCC_Namespace>
        <Icon_MainIcon>$(BDS)\bin\delphi_PROJECTICON.ico</Icon_MainIcon>
        <Icns_MainIcns>$(BDS)\bin\delphi_PROJECTICNS.icns</Icns_MainIcns>
        <SanitizedProjectName>APICEP</SanitizedProjectName>
    </PropertyGroup>
    <PropertyGroup Condition="'$(Base_Win32)'!=''">
        <DCC_UsePackage>DBXSqliteDriver;FMXfrLanguagePolish25;DBXDb2Driver;frLanguagePolish25;vclactnband;frxIntIOIndy25;vclFireDAC;frLanguageSerbian25;FMXfs25;tethering;frLanguageTurkish25;FMXfrxFD25;FireDACADSDriver;ACBr_BoletoFPDF;ACBr_BPeDabpeESCPOS;ACBr_BPe;quaQuery;fcxe25;FMXfrxe25;FMXfrLanguageSpanish25;FireDACMSSQLDriver;vcltouch;ACBr_NFe;vcldb;fcx25;svn;FMXfrLanguageDutch25;ACBr_NFeDanfeESCPOS;ACBr_PAFNFCe;ACBr_OFX;FMXfcxed25;FMXfrLanguageFarsi25;FireDACDBXDriver;FMXfrLocalizationLibrary25;vclx;fcxfs25;ACBr_SATExtratoRL;ACBr_GTIN;FMXfrLanguageDanish25;FMXfrLanguageSlovak25;ACBr_Reinf;VCLRESTComponents;FMXfrLanguageFrench25;fqbFD25;FMXfrxADO25;vclie;fs25;bindengine;FMXfrLanguageGreek25;ACBr_PAF;FireDACMySQLDriver;ACBr_SATECFVirtual;DataSnapClient;ACBr_OpenDelivery;frLanguageSpanish25;FMXfrLanguageBulgarian25;bindcompdbx;ACBr_CTeDacteRL;ACBr_TCP;FMXfrLanguageCroatian25;IndyIPServer;DBXSybaseASEDriver;ACBr_CTe;FMXfrLanguageHungarian25;FMXfrxCDS25;IndySystem;FMXfsTee25;frLanguageBulgarian25;FMXfrLanguageBrazil225;ACBr_PagFor;dsnapcon;ACBre_Social;FireDACMSAccDriver;fmxFireDAC;FireDACInfxDriver;vclimg;ACBr_SPEDImportar;fsADO25;FMXfrLanguageIndonesian25;frLanguageArabic25;ACBr_SPED;ACBr_MDFe;emshosting;FMXfrLanguageItalian25;ACBr_BoletoRL;ACBr_LFD;frLanguageHebrew25;frxADO25;DBXOdbcDriver;FireDACTDataDriver;FMXTee;frxFD25;DbxCommonDriver;ACBr_CIOT;fcxpTee25;ACBr_NFSeDanfseRL;frLanguageCzech25;FMXfrLanguageJapanese25;frLanguageDutch25;xmlrtl;DataSnapNativeClient;fmxobj;frx25;FMXfrLanguageLithuanian25;rtl;DbxClientDriver;DBXSybaseASADriver;fsDB25;ACBr_Convenio115;appanalytics;FMXfrLanguageCzech25;ACBr_DebitoAutomatico;IndyIPClient;frLanguagePortuguese25;bindcompvcl;PKEditAd;frLanguageBrazil25;FMXfrxTee25;FMXfrLanguageChinese25;FMXfrLanguageBrazil25;TeeUI;fqbDBX25;VclSmp;FMXfrLanguageCatalon25;FireDACODBCDriver;FMXfrLanguageLatvian25;DataSnapIndy10ServerTransport;fsFD25;ACBr_Boleto;frLanguageGerman25;FMXfrLanguageGerman25;DataSnapProviderClient;ACBr_SEF2;FireDACMongoDBDriver;RtmRxCtl250;fqb25;frLanguageSwedish25;FMXfrLanguageSwedish25;FMXfcxpTeed25;ACBr_NFSe;frLanguageChinese25;FMXfrLanguageSlovene25;FMXfrLanguageBrazil125;frxcs25;frLanguageBrazil225;DataSnapServerMidas;DBXInterBaseDriver;ACBr_NF3e;ACBr_TEFD;frLanguageCroatian25;frLocalizationLibrary25;ACBr_SATWS;svnui;fcxc25;frLanguageCatalon25;frLanguageUkrainian25;FMXfrLanguageArabic25;frxe25;DBXMSSQLDriver;ACBr_MDFeDamdfeRL;DatasnapConnectorsFreePascal;ACBr_EDI;ACBr_ONE;bindcompfmx;FMXfsDB25;DBXOracleDriver;fqbADO25;FMXfrLanguageSerbian25;inetdb;frLanguageFrench25;frLanguageLithuanian25;ACBr_Diversos;FMXfcxcd25;ACBr_LCDPR;emsedge;FmxTeeUI;fmx;fmxdae;frxDB25;frxHTML25;frxTee25;FMXfrLanguageUkrainian25;ACBr_Ponto;frLanguageLatvian25;dbexpress;IndyCore;DclRxDB250;dsnap;DataSnapCommon;fsTee25;ACBr_NFSeX;DataSnapConnectors;ACBR_DeSTDA;frLanguageRomanian25;ACBr_SAT;FMXfrxDBX25;frLanguageFarsi25;FMXfsADO25;FMXfrLanguageTaiwan25;FMXfrCoreLibrary25;QRWRunDXE10_2_w64;frLanguageGreek25;frLanguageTaiwan25;FireDACOracleDriver;DBXMySQLDriver;DBXFirebirdDriver;FMXfrLanguageRomanian25;ACBr_Sintegra;FireDACCommonODBC;ACBr_ADRCST;ACBr_GNRE;FMXfcxsd25;frLanguageJapanese25;IndyIPCommon;frLanguageSwiss25;vcl;ACBr_NFeDanfeRL;FMXfcxpd25;ACBr_SATExtratoESCPOS;FMXfrxDB25;FireDACDb2Driver;frLanguageRussian25;frLanguageIndonesian25;ACBr_Integrador;FMXfrLanguageSwiss25;TeeDB;ACBr_Comum;FMXfcxd25;FireDACPgDriver;ACBr_GNREGuiaRL;FireDACASADriver;frLanguageDanish25;frLanguageHungarian25;frLanguageBrazil125;frCoreLibrary25;Tee;FMXfrLanguageRussian25;DataSnapServer;vclwinx;FireDACDSDriver;ACBr_OpenSSL;CustomIPTransport;vcldsnap;frLanguageSlovak25;ACBr_PIXCD;frxIntIO25;frLanguageSlovene25;RtmRxDB250;bindcomp;ACBr_Serial;DBXInformixDriver;frce;frxDBX25;ACBr_NFSeXDanfseRL;ACBr_BlocoX;dbxcds;ACBr_NFCeECFVirtual;adortl;fcxp25;ACBr_ANe;dsnapxml;FMXfrx25;dbrtl;IndyProtocols;inetdbxpress;frLanguageItalian25;FMXfrLanguagePortuguese25;FMXfrLanguageHebrew25;ACBr_NF3eDANF3eESCPOS;ACBr_MTER;frxPDF25;FMXfrLanguageTurkish25;fmxase;$(DCC_UsePackage)</DCC_UsePackage>
        <DCC_Namespace>Winapi;System.Win;Data.Win;Datasnap.Win;Web.Win;Soap.Win;Xml.Win;Bde;$(DCC_Namespace)</DCC_Namespace>
        <BT_BuildType>Debug</BT_BuildType>
        <VerInfo_IncludeVerInfo>true</VerInfo_IncludeVerInfo>
        <VerInfo_Keys>CompanyName=;FileDescription=$(MSBuildProjectName);FileVersion=1.0.0.0;InternalName=;LegalCopyright=;LegalTrademarks=;OriginalFilename=;ProgramID=com.embarcadero.$(MSBuildProjectName);ProductName=$(MSBuildProjectName);ProductVersion=1.0.0.0;Comments=</VerInfo_Keys>
        <VerInfo_Locale>1033</VerInfo_Locale>
        <Manifest_File>$(BDS)\bin\default_app.manifest</Manifest_File>
        <UWP_DelphiLogo44>$(BDS)\bin\Artwork\Windows\UWP\delphi_UwpDefault_44.png</UWP_DelphiLogo44>
        <UWP_DelphiLogo150>$(BDS)\bin\Artwork\Windows\UWP\delphi_UwpDefault_150.png</UWP_DelphiLogo150>
    </PropertyGroup>
    <PropertyGroup Condition="'$(Base_Win64)'!=''">
        <DCC_UsePackage>DBXSqliteDriver;FMXfrLanguagePolish25;DBXDb2Driver;frLanguagePolish25;vclactnband;frxIntIOIndy25;vclFireDAC;frLanguageSerbian25;FMXfs25;tethering;frLanguageTurkish25;FMXfrxFD25;FireDACADSDriver;fcxe25;FMXfrxe25;FMXfrLanguageSpanish25;FireDACMSSQLDriver;vcltouch;vcldb;fcx25;FMXfrLanguageDutch25;FMXfcxed25;FMXfrLanguageFarsi25;FireDACDBXDriver;FMXfrLocalizationLibrary25;vclx;fcxfs25;FMXfrLanguageDanish25;FMXfrLanguageSlovak25;VCLRESTComponents;FMXfrLanguageFrench25;fqbFD25;FMXfrxADO25;vclie;fs25;bindengine;FMXfrLanguageGreek25;FireDACMySQLDriver;DataSnapClient;frLanguageSpanish25;FMXfrLanguageBulgarian25;bindcompdbx;FMXfrLanguageCroatian25;IndyIPServer;DBXSybaseASEDriver;FMXfrLanguageHungarian25;FMXfrxCDS25;IndySystem;FMXfsTee25;frLanguageBulgarian25;FMXfrLanguageBrazil225;dsnapcon;FireDACMSAccDriver;fmxFireDAC;FireDACInfxDriver;vclimg;fsADO25;FMXfrLanguageIndonesian25;frLanguageArabic25;emshosting;FMXfrLanguageItalian25;frLanguageHebrew25;frxADO25;DBXOdbcDriver;FireDACTDataDriver;FMXTee;frxFD25;DbxCommonDriver;fcxpTee25;frLanguageCzech25;FMXfrLanguageJapanese25;frLanguageDutch25;xmlrtl;DataSnapNativeClient;fmxobj;frx25;FMXfrLanguageLithuanian25;rtl;DbxClientDriver;DBXSybaseASADriver;fsDB25;appanalytics;FMXfrLanguageCzech25;IndyIPClient;frLanguagePortuguese25;bindcompvcl;frLanguageBrazil25;FMXfrxTee25;FMXfrLanguageChinese25;FMXfrLanguageBrazil25;TeeUI;fqbDBX25;VclSmp;FMXfrLanguageCatalon25;FireDACODBCDriver;FMXfrLanguageLatvian25;DataSnapIndy10ServerTransport;fsFD25;frLanguageGerman25;FMXfrLanguageGerman25;DataSnapProviderClient;FireDACMongoDBDriver;fqb25;frLanguageSwedish25;FMXfrLanguageSwedish25;FMXfcxpTeed25;frLanguageChinese25;FMXfrLanguageSlovene25;FMXfrLanguageBrazil125;frxcs25;frLanguageBrazil225;DataSnapServerMidas;DBXInterBaseDriver;frLanguageCroatian25;frLocalizationLibrary25;fcxc25;frLanguageCatalon25;frLanguageUkrainian25;FMXfrLanguageArabic25;frxe25;DBXMSSQLDriver;DatasnapConnectorsFreePascal;bindcompfmx;FMXfsDB25;DBXOracleDriver;fqbADO25;FMXfrLanguageSerbian25;inetdb;frLanguageFrench25;frLanguageLithuanian25;FMXfcxcd25;emsedge;FmxTeeUI;fmx;fmxdae;frxDB25;frxHTML25;frxTee25;FMXfrLanguageUkrainian25;frLanguageLatvian25;dbexpress;IndyCore;dsnap;DataSnapCommon;fsTee25;DataSnapConnectors;frLanguageRomanian25;FMXfrxDBX25;frLanguageFarsi25;FMXfsADO25;FMXfrLanguageTaiwan25;FMXfrCoreLibrary25;QRWRunDXE10_2_w64;frLanguageGreek25;frLanguageTaiwan25;FireDACOracleDriver;DBXMySQLDriver;DBXFirebirdDriver;FMXfrLanguageRomanian25;FireDACCommonODBC;FMXfcxsd25;frLanguageJapanese25;IndyIPCommon;frLanguageSwiss25;vcl;FMXfcxpd25;FMXfrxDB25;FireDACDb2Driver;frLanguageRussian25;frLanguageIndonesian25;FMXfrLanguageSwiss25;TeeDB;FMXfcxd25;FireDACPgDriver;FireDACASADriver;frLanguageDanish25;frLanguageHungarian25;frLanguageBrazil125;frCoreLibrary25;Tee;FMXfrLanguageRussian25;DataSnapServer;vclwinx;FireDACDSDriver;CustomIPTransport;vcldsnap;frLanguageSlovak25;frxIntIO25;frLanguageSlovene25;bindcomp;DBXInformixDriver;frxDBX25;dbxcds;adortl;fcxp25;dsnapxml;FMXfrx25;dbrtl;IndyProtocols;inetdbxpress;frLanguageItalian25;FMXfrLanguagePortuguese25;FMXfrLanguageHebrew25;frxPDF25;FMXfrLanguageTurkish25;fmxase;$(DCC_UsePackage)</DCC_UsePackage>
        <DCC_Namespace>Winapi;System.Win;Data.Win;Datasnap.Win;Web.Win;Soap.Win;Xml.Win;$(DCC_Namespace)</DCC_Namespace>
        <BT_BuildType>Debug</BT_BuildType>
        <VerInfo_IncludeVerInfo>true</VerInfo_IncludeVerInfo>
        <VerInfo_Keys>CompanyName=;FileDescription=$(MSBuildProjectName);FileVersion=1.0.0.0;InternalName=;LegalCopyright=;LegalTrademarks=;OriginalFilename=;ProgramID=com.embarcadero.$(MSBuildProjectName);ProductName=$(MSBuildProjectName);ProductVersion=1.0.0.0;Comments=</VerInfo_Keys>
        <VerInfo_Locale>1033</VerInfo_Locale>
        <Manifest_File>$(BDS)\bin\default_app.manifest</Manifest_File>
        <UWP_DelphiLogo44>$(BDS)\bin\Artwork\Windows\UWP\delphi_UwpDefault_44.png</UWP_DelphiLogo44>
        <UWP_DelphiLogo150>$(BDS)\bin\Artwork\Windows\UWP\delphi_UwpDefault_150.png</UWP_DelphiLogo150>
    </PropertyGroup>
    <PropertyGroup Condition="'$(Cfg_1)'!=''">
        <DCC_Define>DEBUG;$(DCC_Define)</DCC_Define>
        <DCC_DebugDCUs>true</DCC_DebugDCUs>
        <DCC_Optimize>false</DCC_Optimize>
        <DCC_GenerateStackFrames>true</DCC_GenerateStackFrames>
        <DCC_DebugInfoInExe>true</DCC_DebugInfoInExe>
        <DCC_RemoteDebug>true</DCC_RemoteDebug>
    </PropertyGroup>
    <PropertyGroup Condition="'$(Cfg_1_Win32)'!=''">
        <DCC_RemoteDebug>false</DCC_RemoteDebug>
        <AppEnableRuntimeThemes>true</AppEnableRuntimeThemes>
        <AppEnableHighDPI>true</AppEnableHighDPI>
        <DCC_DcuOutput>C:\Projetos Delphi\ProjetoAPICEP\dcu\</DCC_DcuOutput>
        <VerInfo_IncludeVerInfo>true</VerInfo_IncludeVerInfo>
        <VerInfo_Locale>1033</VerInfo_Locale>
        <DCC_ExeOutput>C:\Projetos Delphi\ProjetoAPICEP\Exe\</DCC_ExeOutput>
    </PropertyGroup>
    <PropertyGroup Condition="'$(Cfg_1_Win64)'!=''">
        <AppEnableRuntimeThemes>true</AppEnableRuntimeThemes>
        <AppEnableHighDPI>true</AppEnableHighDPI>
    </PropertyGroup>
    <PropertyGroup Condition="'$(Cfg_2)'!=''">
        <DCC_LocalDebugSymbols>false</DCC_LocalDebugSymbols>
        <DCC_Define>RELEASE;$(DCC_Define)</DCC_Define>
        <DCC_SymbolReferenceInfo>0</DCC_SymbolReferenceInfo>
        <DCC_DebugInformation>0</DCC_DebugInformation>
    </PropertyGroup>
    <PropertyGroup Condition="'$(Cfg_2_Win32)'!=''">
        <AppEnableRuntimeThemes>true</AppEnableRuntimeThemes>
        <AppEnableHighDPI>true</AppEnableHighDPI>
    </PropertyGroup>
    <PropertyGroup Condition="'$(Cfg_2_Win64)'!=''">
        <AppEnableRuntimeThemes>true</AppEnableRuntimeThemes>
        <AppEnableHighDPI>true</AppEnableHighDPI>
    </PropertyGroup>
    <ItemGroup>
        <DelphiCompile Include="$(MainSource)">
            <MainSource>MainSource</MainSource>
        </DelphiCompile>
        <DCCReference Include="Units\Sistema\Model\uEnderecoGeral.pas"/>
        <DCCReference Include="Units\Plataformas\uICEP.pas"/>
        <DCCReference Include="Units\Plataformas\uBuscaCEP_Geral.pas"/>
        <DCCReference Include="Units\Plataformas\uViaCEP.pas"/>
        <DCCReference Include="Units\Plataformas\uAwesome.pas"/>
        <DCCReference Include="Units\Plataformas\uApiCep.pas"/>
        <DCCReference Include="Units\Plataformas\Service\uService.pas"/>
        <DCCReference Include="Units\Plataformas\uBuscarCEPService.pas"/>
        <DCCReference Include="Units\Sistema\Controller\uController.pas"/>
        <DCCReference Include="Units\Gerais\uGerais.pas"/>
        <DCCReference Include="Units\Sistema\View\uPrincipal.pas">
            <Form>frmPrincipal</Form>
            <FormType>fmx</FormType>
        </DCCReference>
        <DCCReference Include="Units\Sistema\View\uQuestoes.pas">
            <Form>frmQuestoes</Form>
            <FormType>fmx</FormType>
        </DCCReference>
        <BuildConfiguration Include="Release">
            <Key>Cfg_2</Key>
            <CfgParent>Base</CfgParent>
        </BuildConfiguration>
        <BuildConfiguration Include="Base">
            <Key>Base</Key>
        </BuildConfiguration>
        <BuildConfiguration Include="Debug">
            <Key>Cfg_1</Key>
            <CfgParent>Base</CfgParent>
        </BuildConfiguration>
    </ItemGroup>
    <ProjectExtensions>
        <Borland.Personality>Delphi.Personality.12</Borland.Personality>
        <Borland.ProjectType>Application</Borland.ProjectType>
        <BorlandProject>
            <Delphi.Personality>
                <Source>
                    <Source Name="MainSource">APICEP.dpr</Source>
                </Source>
                <Excluded_Packages>
                    <Excluded_Packages Name="$(BDSBIN)\dcloffice2k250.bpl">Microsoft Office 2000 Sample Automation Server Wrapper Components</Excluded_Packages>
                    <Excluded_Packages Name="$(BDSBIN)\dclofficexp250.bpl">Microsoft Office XP Sample Automation Server Wrapper Components</Excluded_Packages>
                    <Excluded_Packages Name="C:\Program Files (x86)\Fast Reports\2023.3.5\Trial\LibRS25\VCL\Win32\dclfqbIBX25.bpl">FastQueryBuilder - IBX Engine by Fast Reports Inc</Excluded_Packages>
                    <Excluded_Packages Name="C:\Program Files (x86)\Fast Reports\2023.3.5\Trial\LibRS25\VCL\Win32\dclfrxIBX25.bpl">FastReport VCL - IBX Components by Fast Reports Inc</Excluded_Packages>
                    <Excluded_Packages Name="C:\Program Files (x86)\Fast Reports\2023.3.5\Trial\LibRS25\VCL\Win32\dclfsIBX25.bpl">FastScript VCL - IBX Components by Fast Reports Inc</Excluded_Packages>
                    <Excluded_Packages Name="C:\Program Files (x86)\Fast Reports\2023.3.5\Trial\LibRS25\FMX\Win32\dclFMXfrxIBX25.bpl">FastReport FMX - IBX Components by Fast Reports Inc</Excluded_Packages>
                    <Excluded_Packages Name="C:\Program Files (x86)\Fast Reports\2023.3.5\Trial\LibRS25\FMX\Win32\dclFMXfsIBX25.bpl">FastScript FMX - IBX Components by Fast Reports Inc</Excluded_Packages>
                </Excluded_Packages>
            </Delphi.Personality>
            <Deployment Version="3">
                <DeployFile LocalName="$(BDS)\Redist\osx32\libcgunwind.1.0.dylib" Class="DependencyModule">
                    <Platform Name="OSX32">
                        <Overwrite>true</Overwrite>
                    </Platform>
                </DeployFile>
                <DeployFile LocalName="$(BDS)\Redist\iossimulator\libcgunwind.1.0.dylib" Class="DependencyModule">
                    <Platform Name="iOSSimulator">
                        <Overwrite>true</Overwrite>
                    </Platform>
                </DeployFile>
                <DeployFile LocalName="$(BDS)\Redist\iossimulator\libPCRE.dylib" Class="DependencyModule">
                    <Platform Name="iOSSimulator">
                        <Overwrite>true</Overwrite>
                    </Platform>
                </DeployFile>
                <DeployFile LocalName="$(BDS)\Redist\osx32\libcgsqlite3.dylib" Class="DependencyModule">
                    <Platform Name="OSX32">
                        <Overwrite>true</Overwrite>
                    </Platform>
                </DeployFile>
                <DeployFile LocalName="APICEP.exe" Configuration="Debug" Class="ProjectOutput">
                    <Platform Name="Win32">
                        <RemoteName>APICEP.exe</RemoteName>
                        <Overwrite>true</Overwrite>
                    </Platform>
                </DeployFile>
                <DeployClass Name="AdditionalDebugSymbols">
                    <Platform Name="iOSSimulator">
                        <Operation>1</Operation>
                    </Platform>
                    <Platform Name="OSX32">
                        <RemoteDir>Contents\MacOS</RemoteDir>
                        <Operation>1</Operation>
                    </Platform>
                    <Platform Name="Win32">
                        <RemoteDir>Contents\MacOS</RemoteDir>
                        <Operation>0</Operation>
                    </Platform>
                </DeployClass>
                <DeployClass Name="AndroidClassesDexFile">
                    <Platform Name="Android">
                        <RemoteDir>classes</RemoteDir>
                        <Operation>1</Operation>
                    </Platform>
                </DeployClass>
                <DeployClass Name="AndroidGDBServer">
                    <Platform Name="Android">
                        <RemoteDir>library\lib\armeabi-v7a</RemoteDir>
                        <Operation>1</Operation>
                    </Platform>
                </DeployClass>
                <DeployClass Name="AndroidLibnativeArmeabiFile">
                    <Platform Name="Android">
                        <RemoteDir>library\lib\armeabi</RemoteDir>
                        <Operation>1</Operation>
                    </Platform>
                </DeployClass>
                <DeployClass Name="AndroidLibnativeMipsFile">
                    <Platform Name="Android">
                        <RemoteDir>library\lib\mips</RemoteDir>
                        <Operation>1</Operation>
                    </Platform>
                </DeployClass>
                <DeployClass Name="AndroidServiceOutput">
                    <Platform Name="Android">
                        <RemoteDir>library\lib\armeabi-v7a</RemoteDir>
                        <Operation>1</Operation>
                    </Platform>
                </DeployClass>
                <DeployClass Name="AndroidSplashImageDef">
                    <Platform Name="Android">
                        <RemoteDir>res\drawable</RemoteDir>
                        <Operation>1</Operation>
                    </Platform>
                </DeployClass>
                <DeployClass Name="AndroidSplashStyles">
                    <Platform Name="Android">
                        <RemoteDir>res\values</RemoteDir>
                        <Operation>1</Operation>
                    </Platform>
                </DeployClass>
                <DeployClass Name="Android_DefaultAppIcon">
                    <Platform Name="Android">
                        <RemoteDir>res\drawable</RemoteDir>
                        <Operation>1</Operation>
                    </Platform>
                </DeployClass>
                <DeployClass Name="Android_LauncherIcon144">
                    <Platform Name="Android">
                        <RemoteDir>res\drawable-xxhdpi</RemoteDir>
                        <Operation>1</Operation>
                    </Platform>
                </DeployClass>
                <DeployClass Name="Android_LauncherIcon36">
                    <Platform Name="Android">
                        <RemoteDir>res\drawable-ldpi</RemoteDir>
                        <Operation>1</Operation>
                    </Platform>
                </DeployClass>
                <DeployClass Name="Android_LauncherIcon48">
                    <Platform Name="Android">
                        <RemoteDir>res\drawable-mdpi</RemoteDir>
                        <Operation>1</Operation>
                    </Platform>
                </DeployClass>
                <DeployClass Name="Android_LauncherIcon72">
                    <Platform Name="Android">
                        <RemoteDir>res\drawable-hdpi</RemoteDir>
                        <Operation>1</Operation>
                    </Platform>
                </DeployClass>
                <DeployClass Name="Android_LauncherIcon96">
                    <Platform Name="Android">
                        <RemoteDir>res\drawable-xhdpi</RemoteDir>
                        <Operation>1</Operation>
                    </Platform>
                </DeployClass>
                <DeployClass Name="Android_SplashImage426">
                    <Platform Name="Android">
                        <RemoteDir>res\drawable-small</RemoteDir>
                        <Operation>1</Operation>
                    </Platform>
                </DeployClass>
                <DeployClass Name="Android_SplashImage470">
                    <Platform Name="Android">
                        <RemoteDir>res\drawable-normal</RemoteDir>
                        <Operation>1</Operation>
                    </Platform>
                </DeployClass>
                <DeployClass Name="Android_SplashImage640">
                    <Platform Name="Android">
                        <RemoteDir>res\drawable-large</RemoteDir>
                        <Operation>1</Operation>
                    </Platform>
                </DeployClass>
                <DeployClass Name="Android_SplashImage960">
                    <Platform Name="Android">
                        <RemoteDir>res\drawable-xlarge</RemoteDir>
                        <Operation>1</Operation>
                    </Platform>
                </DeployClass>
                <DeployClass Name="DebugSymbols">
                    <Platform Name="iOSSimulator">
                        <Operation>1</Operation>
                    </Platform>
                    <Platform Name="OSX32">
                        <RemoteDir>Contents\MacOS</RemoteDir>
                        <Operation>1</Operation>
                    </Platform>
                    <Platform Name="Win32">
                        <Operation>0</Operation>
                    </Platform>
                </DeployClass>
                <DeployClass Name="DependencyFramework">
                    <Platform Name="OSX32">
                        <RemoteDir>Contents\MacOS</RemoteDir>
                        <Operation>1</Operation>
                        <Extensions>.framework</Extensions>
                    </Platform>
                    <Platform Name="Win32">
                        <Operation>0</Operation>
                    </Platform>
                </DeployClass>
                <DeployClass Name="DependencyModule">
                    <Platform Name="iOSDevice32">
                        <Operation>1</Operation>
                        <Extensions>.dylib</Extensions>
                    </Platform>
                    <Platform Name="iOSDevice64">
                        <Operation>1</Operation>
                        <Extensions>.dylib</Extensions>
                    </Platform>
                    <Platform Name="iOSSimulator">
                        <Operation>1</Operation>
                        <Extensions>.dylib</Extensions>
                    </Platform>
                    <Platform Name="OSX32">
                        <RemoteDir>Contents\MacOS</RemoteDir>
                        <Operation>1</Operation>
                        <Extensions>.dylib</Extensions>
                    </Platform>
                    <Platform Name="Win32">
                        <Operation>0</Operation>
                        <Extensions>.dll;.bpl</Extensions>
                    </Platform>
                </DeployClass>
                <DeployClass Required="true" Name="DependencyPackage">
                    <Platform Name="iOSDevice32">
                        <Operation>1</Operation>
                        <Extensions>.dylib</Extensions>
                    </Platform>
                    <Platform Name="iOSDevice64">
                        <Operation>1</Operation>
                        <Extensions>.dylib</Extensions>
                    </Platform>
                    <Platform Name="iOSSimulator">
                        <Operation>1</Operation>
                        <Extensions>.dylib</Extensions>
                    </Platform>
                    <Platform Name="OSX32">
                        <RemoteDir>Contents\MacOS</RemoteDir>
                        <Operation>1</Operation>
                        <Extensions>.dylib</Extensions>
                    </Platform>
                    <Platform Name="Win32">
                        <Operation>0</Operation>
                        <Extensions>.bpl</Extensions>
                    </Platform>
                </DeployClass>
                <DeployClass Name="File">
                    <Platform Name="Android">
                        <Operation>0</Operation>
                    </Platform>
                    <Platform Name="iOSDevice32">
                        <Operation>0</Operation>
                    </Platform>
                    <Platform Name="iOSDevice64">
                        <Operation>0</Operation>
                    </Platform>
                    <Platform Name="iOSSimulator">
                        <Operation>0</Operation>
                    </Platform>
                    <Platform Name="OSX32">
                        <RemoteDir>Contents\Resources\StartUp\</RemoteDir>
                        <Operation>0</Operation>
                    </Platform>
                    <Platform Name="Win32">
                        <Operation>0</Operation>
                    </Platform>
                </DeployClass>
                <DeployClass Name="iPad_Launch1024">
                    <Platform Name="iOSDevice32">
                        <Operation>1</Operation>
                    </Platform>
                    <Platform Name="iOSDevice64">
                        <Operation>1</Operation>
                    </Platform>
                    <Platform Name="iOSSimulator">
                        <Operation>1</Operation>
                    </Platform>
                </DeployClass>
                <DeployClass Name="iPad_Launch1536">
                    <Platform Name="iOSDevice32">
                        <Operation>1</Operation>
                    </Platform>
                    <Platform Name="iOSDevice64">
                        <Operation>1</Operation>
                    </Platform>
                    <Platform Name="iOSSimulator">
                        <Operation>1</Operation>
                    </Platform>
                </DeployClass>
                <DeployClass Name="iPad_Launch2048">
                    <Platform Name="iOSDevice32">
                        <Operation>1</Operation>
                    </Platform>
                    <Platform Name="iOSDevice64">
                        <Operation>1</Operation>
                    </Platform>
                    <Platform Name="iOSSimulator">
                        <Operation>1</Operation>
                    </Platform>
                </DeployClass>
                <DeployClass Name="iPad_Launch768">
                    <Platform Name="iOSDevice32">
                        <Operation>1</Operation>
                    </Platform>
                    <Platform Name="iOSDevice64">
                        <Operation>1</Operation>
                    </Platform>
                    <Platform Name="iOSSimulator">
                        <Operation>1</Operation>
                    </Platform>
                </DeployClass>
                <DeployClass Name="iPhone_Launch320">
                    <Platform Name="iOSDevice32">
                        <Operation>1</Operation>
                    </Platform>
                    <Platform Name="iOSDevice64">
                        <Operation>1</Operation>
                    </Platform>
                    <Platform Name="iOSSimulator">
                        <Operation>1</Operation>
                    </Platform>
                </DeployClass>
                <DeployClass Name="iPhone_Launch640">
                    <Platform Name="iOSDevice32">
                        <Operation>1</Operation>
                    </Platform>
                    <Platform Name="iOSDevice64">
                        <Operation>1</Operation>
                    </Platform>
                    <Platform Name="iOSSimulator">
                        <Operation>1</Operation>
                    </Platform>
                </DeployClass>
                <DeployClass Name="iPhone_Launch640x1136">
                    <Platform Name="iOSDevice32">
                        <Operation>1</Operation>
                    </Platform>
                    <Platform Name="iOSDevice64">
                        <Operation>1</Operation>
                    </Platform>
                    <Platform Name="iOSSimulator">
                        <Operation>1</Operation>
                    </Platform>
                </DeployClass>
                <DeployClass Name="ProjectAndroidManifest">
                    <Platform Name="Android">
                        <Operation>1</Operation>
                    </Platform>
                </DeployClass>
                <DeployClass Name="ProjectiOSDeviceDebug">
                    <Platform Name="iOSDevice32">
                        <RemoteDir>..\$(PROJECTNAME).app.dSYM\Contents\Resources\DWARF</RemoteDir>
                        <Operation>1</Operation>
                    </Platform>
                    <Platform Name="iOSDevice64">
                        <RemoteDir>..\$(PROJECTNAME).app.dSYM\Contents\Resources\DWARF</RemoteDir>
                        <Operation>1</Operation>
                    </Platform>
                </DeployClass>
                <DeployClass Name="ProjectiOSDeviceResourceRules">
                    <Platform Name="iOSDevice32">
                        <Operation>1</Operation>
                    </Platform>
                    <Platform Name="iOSDevice64">
                        <Operation>1</Operation>
                    </Platform>
                </DeployClass>
                <DeployClass Name="ProjectiOSEntitlements">
                    <Platform Name="iOSDevice32">
                        <RemoteDir>..\</RemoteDir>
                        <Operation>1</Operation>
                    </Platform>
                    <Platform Name="iOSDevice64">
                        <RemoteDir>..\</RemoteDir>
                        <Operation>1</Operation>
                    </Platform>
                </DeployClass>
                <DeployClass Name="ProjectiOSInfoPList">
                    <Platform Name="iOSDevice32">
                        <Operation>1</Operation>
                    </Platform>
                    <Platform Name="iOSDevice64">
                        <Operation>1</Operation>
                    </Platform>
                    <Platform Name="iOSSimulator">
                        <Operation>1</Operation>
                    </Platform>
                </DeployClass>
                <DeployClass Name="ProjectiOSResource">
                    <Platform Name="iOSDevice32">
                        <Operation>1</Operation>
                    </Platform>
                    <Platform Name="iOSDevice64">
                        <Operation>1</Operation>
                    </Platform>
                    <Platform Name="iOSSimulator">
                        <Operation>1</Operation>
                    </Platform>
                </DeployClass>
                <DeployClass Name="ProjectOSXEntitlements">
                    <Platform Name="OSX32">
                        <RemoteDir>..\</RemoteDir>
                        <Operation>1</Operation>
                    </Platform>
                </DeployClass>
                <DeployClass Name="ProjectOSXInfoPList">
                    <Platform Name="OSX32">
                        <RemoteDir>Contents</RemoteDir>
                        <Operation>1</Operation>
                    </Platform>
                </DeployClass>
                <DeployClass Name="ProjectOSXResource">
                    <Platform Name="OSX32">
                        <RemoteDir>Contents\Resources</RemoteDir>
                        <Operation>1</Operation>
                    </Platform>
                </DeployClass>
                <DeployClass Required="true" Name="ProjectOutput">
                    <Platform Name="Android">
                        <RemoteDir>library\lib\armeabi-v7a</RemoteDir>
                        <Operation>1</Operation>
                    </Platform>
                    <Platform Name="iOSDevice32">
                        <Operation>1</Operation>
                    </Platform>
                    <Platform Name="iOSDevice64">
                        <Operation>1</Operation>
                    </Platform>
                    <Platform Name="iOSSimulator">
                        <Operation>1</Operation>
                    </Platform>
                    <Platform Name="Linux64">
                        <Operation>1</Operation>
                    </Platform>
                    <Platform Name="OSX32">
                        <RemoteDir>Contents\MacOS</RemoteDir>
                        <Operation>1</Operation>
                    </Platform>
                    <Platform Name="Win32">
                        <Operation>0</Operation>
                    </Platform>
                </DeployClass>
                <DeployClass Name="ProjectUWPManifest">
                    <Platform Name="Win32">
                        <Operation>1</Operation>
                    </Platform>
                    <Platform Name="Win64">
                        <Operation>1</Operation>
                    </Platform>
                </DeployClass>
                <DeployClass Name="UWP_DelphiLogo150">
                    <Platform Name="Win32">
                        <RemoteDir>Assets</RemoteDir>
                        <Operation>1</Operation>
                    </Platform>
                    <Platform Name="Win64">
                        <RemoteDir>Assets</RemoteDir>
                        <Operation>1</Operation>
                    </Platform>
                </DeployClass>
                <DeployClass Name="UWP_DelphiLogo44">
                    <Platform Name="Win32">
                        <RemoteDir>Assets</RemoteDir>
                        <Operation>1</Operation>
                    </Platform>
                    <Platform Name="Win64">
                        <RemoteDir>Assets</RemoteDir>
                        <Operation>1</Operation>
                    </Platform>
                </DeployClass>
                <ProjectRoot Platform="iOSDevice64" Name="$(PROJECTNAME).app"/>
                <ProjectRoot Platform="Win64" Name="$(PROJECTNAME)"/>
                <ProjectRoot Platform="iOSDevice32" Name="$(PROJECTNAME).app"/>
                <ProjectRoot Platform="Linux64" Name="$(PROJECTNAME)"/>
                <ProjectRoot Platform="Win32" Name="$(PROJECTNAME)"/>
                <ProjectRoot Platform="OSX32" Name="$(PROJECTNAME).app"/>
                <ProjectRoot Platform="Android" Name="$(PROJECTNAME)"/>
                <ProjectRoot Platform="iOSSimulator" Name="$(PROJECTNAME).app"/>
            </Deployment>
            <Platforms>
                <Platform value="Win32">True</Platform>
                <Platform value="Win64">True</Platform>
            </Platforms>
        </BorlandProject>
        <ProjectFileVersion>12</ProjectFileVersion>
    </ProjectExtensions>
    <Import Project="$(BDS)\Bin\CodeGear.Delphi.Targets" Condition="Exists('$(BDS)\Bin\CodeGear.Delphi.Targets')"/>
    <Import Project="$(APPDATA)\Embarcadero\$(BDSAPPDATABASEDIR)\$(PRODUCTVERSION)\UserTools.proj" Condition="Exists('$(APPDATA)\Embarcadero\$(BDSAPPDATABASEDIR)\$(PRODUCTVERSION)\UserTools.proj')"/>
    <Import Project="$(MSBuildProjectName).deployproj" Condition="Exists('$(MSBuildProjectName).deployproj')"/>
</Project>
